# Prisma Migrate lockfile v1

20201026125142-init
20201026132644-date
20201026140825-pair-nullable
20201026145418-created-proper-relations
20201026145651-fixing-error
20201026150646-created-proper-relations
20201026151206-made-the-connection-code-nullable
20201027163352-made-pair-code-unique
20201101112133-created-list-and-item-model
20201101153745-fixed-typo
20210101130658-no-pw-user